
Microsoft Visual Studio Solution File, Format Version 11.00
# Visual Studio 2010
Project("{8BC9CEB8-8B4A-11D0-8D11-00A0C91BC942}") = "1", "1\1.vcxproj", "{8B09B7F5-1EAE-4B60-9FCC-0CD39E3C1D07}"
EndProject
Project("{8BC9CEB8-8B4A-11D0-8D11-00A0C91BC942}") = "2", "2\2.vcxproj", "{A875AC4A-4144-4032-8CB8-BE90790AFC4C}"
EndProject
Project("{8BC9CEB8-8B4A-11D0-8D11-00A0C91BC942}") = "3", "3\3.vcxproj", "{D3D7E7EC-4334-4F50-81DD-0CB39C388D77}"
EndProject
Project("{8BC9CEB8-8B4A-11D0-8D11-00A0C91BC942}") = "4", "4\4.vcxproj", "{122B8F17-28ED-4BC6-BB73-B044AEAE0750}"
EndProject
Global
	GlobalSection(SolutionConfigurationPlatforms) = preSolution
		Debug|Win32 = Debug|Win32
		Release|Win32 = Release|Win32
	EndGlobalSection
	GlobalSection(ProjectConfigurationPlatforms) = postSolution
		{8B09B7F5-1EAE-4B60-9FCC-0CD39E3C1D07}.Debug|Win32.ActiveCfg = Debug|Win32
		{8B09B7F5-1EAE-4B60-9FCC-0CD39E3C1D07}.Debug|Win32.Build.0 = Debug|Win32
		{8B09B7F5-1EAE-4B60-9FCC-0CD39E3C1D07}.Release|Win32.ActiveCfg = Release|Win32
		{8B09B7F5-1EAE-4B60-9FCC-0CD39E3C1D07}.Release|Win32.Build.0 = Release|Win32
		{A875AC4A-4144-4032-8CB8-BE90790AFC4C}.Debug|Win32.ActiveCfg = Debug|Win32
		{A875AC4A-4144-4032-8CB8-BE90790AFC4C}.Debug|Win32.Build.0 = Debug|Win32
		{A875AC4A-4144-4032-8CB8-BE90790AFC4C}.Release|Win32.ActiveCfg = Release|Win32
		{A875AC4A-4144-4032-8CB8-BE90790AFC4C}.Release|Win32.Build.0 = Release|Win32
		{D3D7E7EC-4334-4F50-81DD-0CB39C388D77}.Debug|Win32.ActiveCfg = Debug|Win32
		{D3D7E7EC-4334-4F50-81DD-0CB39C388D77}.Debug|Win32.Build.0 = Debug|Win32
		{D3D7E7EC-4334-4F50-81DD-0CB39C388D77}.Release|Win32.ActiveCfg = Release|Win32
		{D3D7E7EC-4334-4F50-81DD-0CB39C388D77}.Release|Win32.Build.0 = Release|Win32
		{122B8F17-28ED-4BC6-BB73-B044AEAE0750}.Debug|Win32.ActiveCfg = Debug|Win32
		{122B8F17-28ED-4BC6-BB73-B044AEAE0750}.Debug|Win32.Build.0 = Debug|Win32
		{122B8F17-28ED-4BC6-BB73-B044AEAE0750}.Release|Win32.ActiveCfg = Release|Win32
		{122B8F17-28ED-4BC6-BB73-B044AEAE0750}.Release|Win32.Build.0 = Release|Win32
	EndGlobalSection
	GlobalSection(SolutionProperties) = preSolution
		HideSolutionNode = FALSE
	EndGlobalSection
EndGlobal
