
Microsoft Visual Studio Solution File, Format Version 11.00
# Visual Studio 2010
Project("{8BC9CEB8-8B4A-11D0-8D11-00A0C91BC942}") = "1-1", "1-1\1-1.vcxproj", "{73B5B84A-ECFE-4220-B7DB-5BF55A6453DE}"
EndProject
Project("{8BC9CEB8-8B4A-11D0-8D11-00A0C91BC942}") = "1-2", "1-2\1-2.vcxproj", "{1BA96893-D9CA-434A-A92A-3674B56DB1CA}"
EndProject
Project("{8BC9CEB8-8B4A-11D0-8D11-00A0C91BC942}") = "1-3", "1-3\1-3.vcxproj", "{83D05D45-A45E-4A76-9724-9EFC0BC6C25F}"
EndProject
Project("{8BC9CEB8-8B4A-11D0-8D11-00A0C91BC942}") = "2-1", "2-1\2-1.vcxproj", "{F7719FB5-0C95-45D7-8FBE-D5311ECE90AD}"
EndProject
Project("{8BC9CEB8-8B4A-11D0-8D11-00A0C91BC942}") = "3-1", "3-1\3-1.vcxproj", "{7033B702-FEE5-4E92-97D4-17AB87FBA41E}"
EndProject
Project("{8BC9CEB8-8B4A-11D0-8D11-00A0C91BC942}") = "4-1", "4-1\4-1.vcxproj", "{90B2AC45-8852-44A1-BDFB-B4922C60C9CD}"
EndProject
Project("{8BC9CEB8-8B4A-11D0-8D11-00A0C91BC942}") = "5-1", "5-1\5-1.vcxproj", "{73DBEBAA-8F98-4236-A252-5B477AD96DCE}"
EndProject
Project("{8BC9CEB8-8B4A-11D0-8D11-00A0C91BC942}") = "6-1", "6-1\6-1.vcxproj", "{05357D30-55F5-4411-B14E-01EA34B64A7A}"
EndProject
Project("{8BC9CEB8-8B4A-11D0-8D11-00A0C91BC942}") = "6-2", "6-2\6-2.vcxproj", "{6DB6F2BA-4C5A-4D8E-9927-5D82BFB8BAC6}"
EndProject
Project("{8BC9CEB8-8B4A-11D0-8D11-00A0C91BC942}") = "7-1", "7-1\7-1.vcxproj", "{A608E822-40D4-4FDE-9A90-FEA052154C08}"
EndProject
Project("{8BC9CEB8-8B4A-11D0-8D11-00A0C91BC942}") = "7-2", "7-2\7-2.vcxproj", "{7C0309A8-CF4E-4641-B7C3-A2DB9038BE5A}"
EndProject
Global
	GlobalSection(SolutionConfigurationPlatforms) = preSolution
		Debug|Win32 = Debug|Win32
		Release|Win32 = Release|Win32
	EndGlobalSection
	GlobalSection(ProjectConfigurationPlatforms) = postSolution
		{73B5B84A-ECFE-4220-B7DB-5BF55A6453DE}.Debug|Win32.ActiveCfg = Debug|Win32
		{73B5B84A-ECFE-4220-B7DB-5BF55A6453DE}.Debug|Win32.Build.0 = Debug|Win32
		{73B5B84A-ECFE-4220-B7DB-5BF55A6453DE}.Release|Win32.ActiveCfg = Release|Win32
		{73B5B84A-ECFE-4220-B7DB-5BF55A6453DE}.Release|Win32.Build.0 = Release|Win32
		{1BA96893-D9CA-434A-A92A-3674B56DB1CA}.Debug|Win32.ActiveCfg = Debug|Win32
		{1BA96893-D9CA-434A-A92A-3674B56DB1CA}.Debug|Win32.Build.0 = Debug|Win32
		{1BA96893-D9CA-434A-A92A-3674B56DB1CA}.Release|Win32.ActiveCfg = Release|Win32
		{1BA96893-D9CA-434A-A92A-3674B56DB1CA}.Release|Win32.Build.0 = Release|Win32
		{83D05D45-A45E-4A76-9724-9EFC0BC6C25F}.Debug|Win32.ActiveCfg = Debug|Win32
		{83D05D45-A45E-4A76-9724-9EFC0BC6C25F}.Debug|Win32.Build.0 = Debug|Win32
		{83D05D45-A45E-4A76-9724-9EFC0BC6C25F}.Release|Win32.ActiveCfg = Release|Win32
		{83D05D45-A45E-4A76-9724-9EFC0BC6C25F}.Release|Win32.Build.0 = Release|Win32
		{F7719FB5-0C95-45D7-8FBE-D5311ECE90AD}.Debug|Win32.ActiveCfg = Debug|Win32
		{F7719FB5-0C95-45D7-8FBE-D5311ECE90AD}.Debug|Win32.Build.0 = Debug|Win32
		{F7719FB5-0C95-45D7-8FBE-D5311ECE90AD}.Release|Win32.ActiveCfg = Release|Win32
		{F7719FB5-0C95-45D7-8FBE-D5311ECE90AD}.Release|Win32.Build.0 = Release|Win32
		{7033B702-FEE5-4E92-97D4-17AB87FBA41E}.Debug|Win32.ActiveCfg = Debug|Win32
		{7033B702-FEE5-4E92-97D4-17AB87FBA41E}.Debug|Win32.Build.0 = Debug|Win32
		{7033B702-FEE5-4E92-97D4-17AB87FBA41E}.Release|Win32.ActiveCfg = Release|Win32
		{7033B702-FEE5-4E92-97D4-17AB87FBA41E}.Release|Win32.Build.0 = Release|Win32
		{90B2AC45-8852-44A1-BDFB-B4922C60C9CD}.Debug|Win32.ActiveCfg = Debug|Win32
		{90B2AC45-8852-44A1-BDFB-B4922C60C9CD}.Debug|Win32.Build.0 = Debug|Win32
		{90B2AC45-8852-44A1-BDFB-B4922C60C9CD}.Release|Win32.ActiveCfg = Release|Win32
		{90B2AC45-8852-44A1-BDFB-B4922C60C9CD}.Release|Win32.Build.0 = Release|Win32
		{73DBEBAA-8F98-4236-A252-5B477AD96DCE}.Debug|Win32.ActiveCfg = Debug|Win32
		{73DBEBAA-8F98-4236-A252-5B477AD96DCE}.Debug|Win32.Build.0 = Debug|Win32
		{73DBEBAA-8F98-4236-A252-5B477AD96DCE}.Release|Win32.ActiveCfg = Release|Win32
		{73DBEBAA-8F98-4236-A252-5B477AD96DCE}.Release|Win32.Build.0 = Release|Win32
		{05357D30-55F5-4411-B14E-01EA34B64A7A}.Debug|Win32.ActiveCfg = Debug|Win32
		{05357D30-55F5-4411-B14E-01EA34B64A7A}.Debug|Win32.Build.0 = Debug|Win32
		{05357D30-55F5-4411-B14E-01EA34B64A7A}.Release|Win32.ActiveCfg = Release|Win32
		{05357D30-55F5-4411-B14E-01EA34B64A7A}.Release|Win32.Build.0 = Release|Win32
		{6DB6F2BA-4C5A-4D8E-9927-5D82BFB8BAC6}.Debug|Win32.ActiveCfg = Debug|Win32
		{6DB6F2BA-4C5A-4D8E-9927-5D82BFB8BAC6}.Debug|Win32.Build.0 = Debug|Win32
		{6DB6F2BA-4C5A-4D8E-9927-5D82BFB8BAC6}.Release|Win32.ActiveCfg = Release|Win32
		{6DB6F2BA-4C5A-4D8E-9927-5D82BFB8BAC6}.Release|Win32.Build.0 = Release|Win32
		{A608E822-40D4-4FDE-9A90-FEA052154C08}.Debug|Win32.ActiveCfg = Debug|Win32
		{A608E822-40D4-4FDE-9A90-FEA052154C08}.Debug|Win32.Build.0 = Debug|Win32
		{A608E822-40D4-4FDE-9A90-FEA052154C08}.Release|Win32.ActiveCfg = Release|Win32
		{A608E822-40D4-4FDE-9A90-FEA052154C08}.Release|Win32.Build.0 = Release|Win32
		{7C0309A8-CF4E-4641-B7C3-A2DB9038BE5A}.Debug|Win32.ActiveCfg = Debug|Win32
		{7C0309A8-CF4E-4641-B7C3-A2DB9038BE5A}.Debug|Win32.Build.0 = Debug|Win32
		{7C0309A8-CF4E-4641-B7C3-A2DB9038BE5A}.Release|Win32.ActiveCfg = Release|Win32
		{7C0309A8-CF4E-4641-B7C3-A2DB9038BE5A}.Release|Win32.Build.0 = Release|Win32
	EndGlobalSection
	GlobalSection(SolutionProperties) = preSolution
		HideSolutionNode = FALSE
	EndGlobalSection
EndGlobal
